version = 1
revision = 2
requires-python = ">=3.11.5"

[[package]]
name = "asgiref"
version = "3.8.1"
source = { registry = "https://pypi.org/simple" }
sdist = { url = "https://files.pythonhosted.org/packages/29/38/b3395cc9ad1b56d2ddac9970bc8f4141312dbaec28bc7c218b0dfafd0f42/asgiref-3.8.1.tar.gz", hash = "sha256:c343bd80a0bec947a9860adb4c432ffa7db769836c64238fc34bdc3fec84d590", size = 35186, upload-time = "2024-03-22T14:39:36.863Z" }
wheels = [
    { url = "https://files.pythonhosted.org/packages/39/e3/893e8757be2612e6c266d9bb58ad2e3651524b5b40cf56761e985a28b13e/asgiref-3.8.1-py3-none-any.whl", hash = "sha256:3e1e3ecc849832fe52ccf2cb6686b7a55f82bb1d6aee72a58826471390335e47", size = 23828, upload-time = "2024-03-22T14:39:34.521Z" },
]

[[package]]
name = "django"
version = "5.1.10"
source = { registry = "https://pypi.org/simple" }
dependencies = [
    { name = "asgiref" },
    { name = "sqlparse" },
    { name = "tzdata", marker = "sys_platform == 'win32'" },
]
sdist = { url = "https://files.pythonhosted.org/packages/73/ca/1c724be89e603eb8b5587ea24c63a8c30094c8ff4d990780b5033ee15c40/django-5.1.10.tar.gz", hash = "sha256:73e5d191421d177803dbd5495d94bc7d06d156df9561f4eea9e11b4994c07137", size = 10714538, upload-time = "2025-06-04T13:53:18.805Z" }
wheels = [
    { url = "https://files.pythonhosted.org/packages/9e/fc/80dc741ba0acb3241aac1213d7272c573d52d8a62ec2c69e9b3bef1547f2/django-5.1.10-py3-none-any.whl", hash = "sha256:19c9b771e9cf4de91101861aadd2daaa159bcf10698ca909c5755c88e70ccb84", size = 8277457, upload-time = "2025-06-04T13:53:07.676Z" },
]

[[package]]
name = "django-ckeditor"
version = "6.7.0"
source = { registry = "https://pypi.org/simple" }
dependencies = [
    { name = "django" },
    { name = "django-js-asset" },
]
sdist = { url = "https://files.pythonhosted.org/packages/e8/0f/6b833acab77d6de98d81d6d576f2502e81ab02253bd53b78438aad2cd0ad/django-ckeditor-6.7.0.tar.gz", hash = "sha256:0489f7a6ae93360d328f77cea17c04891103cbdfa6c962af386bbe47e811671b", size = 1725612, upload-time = "2023-07-27T12:42:13.44Z" }
wheels = [
    { url = "https://files.pythonhosted.org/packages/1d/82/8e09693d812dd1fb749515e074a6612f03a946d98c679fde861b28b96e92/django_ckeditor-6.7.0-py3-none-any.whl", hash = "sha256:73399fb8f56f565e7519b57adbd7c585623db2cdc8c75666f56918d3eecf7906", size = 2454063, upload-time = "2023-07-27T12:42:16.946Z" },
]

[[package]]
name = "django-js-asset"
version = "2.2.0"
source = { registry = "https://pypi.org/simple" }
dependencies = [
    { name = "django" },
]
sdist = { url = "https://files.pythonhosted.org/packages/28/bb/04accb19b0c0b6d835a393c20f04dfc379648e8cd6654c045e4d843ad527/django_js_asset-2.2.0.tar.gz", hash = "sha256:0c57a82cae2317e83951d956110ce847f58ff0cdc24e314dbc18b35033917e94", size = 7904, upload-time = "2023-12-12T18:03:53.589Z" }
wheels = [
    { url = "https://files.pythonhosted.org/packages/dc/4d/5bb8c351f2515a616576a4218c736af081edf0dd4d1eead1c7e880f74c0e/django_js_asset-2.2.0-py3-none-any.whl", hash = "sha256:7ef3e858e13d06f10799b56eea62b1e76706f42cf4e709be4e13356bc0ae30d8", size = 4704, upload-time = "2023-12-12T18:03:55.631Z" },
]

[[package]]
name = "django-widget-tweaks"
version = "1.5.0"
source = { registry = "https://pypi.org/simple" }
sdist = { url = "https://files.pythonhosted.org/packages/a5/fe/26eb92fba83844e71bbec0ced7fc2e843e5990020e3cc676925204031654/django-widget-tweaks-1.5.0.tar.gz", hash = "sha256:1c2180681ebb994e922c754804c7ffebbe1245014777ac47897a81f57cc629c7", size = 14767, upload-time = "2023-08-25T15:29:12.778Z" }
wheels = [
    { url = "https://files.pythonhosted.org/packages/46/6a/6cb6deb5c38b785c77c3ba66f53051eada49205979c407323eb666930915/django_widget_tweaks-1.5.0-py3-none-any.whl", hash = "sha256:a41b7b2f05bd44d673d11ebd6c09a96f1d013ee98121cb98c384fe84e33b881e", size = 8960, upload-time = "2023-08-25T15:29:05.644Z" },
]

[[package]]
name = "penguin-reads-stable"
version = "0.1.0"
source = { virtual = "." }
dependencies = [
    { name = "asgiref" },
    { name = "django" },
    { name = "django-ckeditor" },
    { name = "django-js-asset" },
    { name = "django-widget-tweaks" },
    { name = "pillow" },
    { name = "python-environ" },
    { name = "six" },
    { name = "sqlparse" },
]

[package.metadata]
requires-dist = [
    { name = "asgiref", specifier = "==3.8.1" },
    { name = "django", specifier = "==5.1.10" },
    { name = "django-ckeditor", specifier = "==6.7.0" },
    { name = "django-js-asset", specifier = "==2.2.0" },
    { name = "django-widget-tweaks", specifier = ">=1.5.0" },
    { name = "pillow", specifier = "==10.3.0" },
    { name = "python-environ", specifier = "==0.4.54" },
    { name = "six", specifier = "==1.16.0" },
    { name = "sqlparse", specifier = "==0.5.0" },
]

[[package]]
name = "pillow"
version = "10.3.0"
source = { registry = "https://pypi.org/simple" }
sdist = { url = "https://files.pythonhosted.org/packages/ef/43/c50c17c5f7d438e836c169e343695534c38c77f60e7c90389bd77981bc21/pillow-10.3.0.tar.gz", hash = "sha256:9d2455fbf44c914840c793e89aa82d0e1763a14253a000743719ae5946814b2d", size = 46572854, upload-time = "2024-04-01T12:19:40.048Z" }
wheels = [
    { url = "https://files.pythonhosted.org/packages/e5/51/e4b35e394b4e5ca24983e50361a1db3d7da05b1758074f9c4f5b4be4b22a/pillow-10.3.0-cp311-cp311-macosx_10_10_x86_64.whl", hash = "sha256:5f77cf66e96ae734717d341c145c5949c63180842a545c47a0ce7ae52ca83795", size = 3528936, upload-time = "2024-04-01T12:17:29.322Z" },
    { url = "https://files.pythonhosted.org/packages/00/5c/7633f291def20082bad31b844fe5ed07742aae8504e4cfe2f331ee727178/pillow-10.3.0-cp311-cp311-macosx_11_0_arm64.whl", hash = "sha256:e4b878386c4bf293578b48fc570b84ecfe477d3b77ba39a6e87150af77f40c57", size = 3352899, upload-time = "2024-04-01T12:17:31.843Z" },
    { url = "https://files.pythonhosted.org/packages/1d/29/abda81a079cccd1840b0b7b13ad67ffac87cc66395ae20973027280e9f9f/pillow-10.3.0-cp311-cp311-manylinux_2_17_aarch64.manylinux2014_aarch64.whl", hash = "sha256:fdcbb4068117dfd9ce0138d068ac512843c52295ed996ae6dd1faf537b6dbc27", size = 4317733, upload-time = "2024-04-01T12:17:34.494Z" },
    { url = "https://files.pythonhosted.org/packages/77/cd/5205fb43a6000d424291b0525b8201004700d9a34e034517ac4dfdc6eed5/pillow-10.3.0-cp311-cp311-manylinux_2_17_x86_64.manylinux2014_x86_64.whl", hash = "sha256:9797a6c8fe16f25749b371c02e2ade0efb51155e767a971c61734b1bf6293994", size = 4429430, upload-time = "2024-04-01T12:17:37.112Z" },
    { url = "https://files.pythonhosted.org/packages/8c/bb/9e8d2b1b54235bd44139ee387beeb65ad9d8d755b5c01f817070c6dabea7/pillow-10.3.0-cp311-cp311-manylinux_2_28_aarch64.whl", hash = "sha256:9e91179a242bbc99be65e139e30690e081fe6cb91a8e77faf4c409653de39451", size = 4341711, upload-time = "2024-04-01T12:17:39.151Z" },
    { url = "https://files.pythonhosted.org/packages/81/ff/ad3c942d865f9e45ce84eeb31795e6d4d94e1f1eea51026d5154028510d7/pillow-10.3.0-cp311-cp311-manylinux_2_28_x86_64.whl", hash = "sha256:1b87bd9d81d179bd8ab871603bd80d8645729939f90b71e62914e816a76fc6bd", size = 4507469, upload-time = "2024-04-01T12:17:41.159Z" },
    { url = "https://files.pythonhosted.org/packages/ab/ab/30cd50a12d9afa2c412efcb8b37dd3f5f1da4bc77b984ddfbc776d96cf5b/pillow-10.3.0-cp311-cp311-musllinux_1_1_aarch64.whl", hash = "sha256:81d09caa7b27ef4e61cb7d8fbf1714f5aec1c6b6c5270ee53504981e6e9121ad", size = 4533491, upload-time = "2024-04-01T12:17:43.813Z" },
    { url = "https://files.pythonhosted.org/packages/1f/f0/07419615ffa852cded35dfa3337bf70788f232a3dfe622b97d5eb0c32674/pillow-10.3.0-cp311-cp311-musllinux_1_1_x86_64.whl", hash = "sha256:048ad577748b9fa4a99a0548c64f2cb8d672d5bf2e643a739ac8faff1164238c", size = 4598334, upload-time = "2024-04-01T12:17:46.271Z" },
    { url = "https://files.pythonhosted.org/packages/9c/f3/6e923786f2b2d167d16783fc079c003aadbcedc4995f54e8429d91aabfc4/pillow-10.3.0-cp311-cp311-win32.whl", hash = "sha256:7161ec49ef0800947dc5570f86568a7bb36fa97dd09e9827dc02b718c5643f09", size = 2217293, upload-time = "2024-04-01T12:17:48.292Z" },
    { url = "https://files.pythonhosted.org/packages/0a/16/c83877524c47976f16703d2e05c363244bc1e60ab439e078b3cd046d07db/pillow-10.3.0-cp311-cp311-win_amd64.whl", hash = "sha256:8eb0908e954d093b02a543dc963984d6e99ad2b5e36503d8a0aaf040505f747d", size = 2531332, upload-time = "2024-04-01T12:17:50.844Z" },
    { url = "https://files.pythonhosted.org/packages/a8/3b/f64454549af90818774c3210b48987c3aeca5285787dbd69869d9a05b58f/pillow-10.3.0-cp311-cp311-win_arm64.whl", hash = "sha256:4e6f7d1c414191c1199f8996d3f2282b9ebea0945693fb67392c75a3a320941f", size = 2229546, upload-time = "2024-04-01T12:17:53.237Z" },
    { url = "https://files.pythonhosted.org/packages/cc/5d/b7fcd38cba0f7706f64c1674fc9f018e4c64f791770598c44affadea7c2f/pillow-10.3.0-cp312-cp312-macosx_10_10_x86_64.whl", hash = "sha256:e46f38133e5a060d46bd630faa4d9fa0202377495df1f068a8299fd78c84de84", size = 3528535, upload-time = "2024-04-01T12:17:55.891Z" },
    { url = "https://files.pythonhosted.org/packages/5e/77/4cf407e7b033b4d8e5fcaac295b6e159cf1c70fa105d769f01ea2e1e5eca/pillow-10.3.0-cp312-cp312-macosx_11_0_arm64.whl", hash = "sha256:50b8eae8f7334ec826d6eeffaeeb00e36b5e24aa0b9df322c247539714c6df19", size = 3352281, upload-time = "2024-04-01T12:17:58.527Z" },
    { url = "https://files.pythonhosted.org/packages/53/7b/4f7b153a776725a87797d744ea1c73b83ac0b723f5e379297605dee118eb/pillow-10.3.0-cp312-cp312-manylinux_2_17_aarch64.manylinux2014_aarch64.whl", hash = "sha256:9d3bea1c75f8c53ee4d505c3e67d8c158ad4df0d83170605b50b64025917f338", size = 4321427, upload-time = "2024-04-01T12:18:00.809Z" },
    { url = "https://files.pythonhosted.org/packages/45/08/d2cc751b790e77464f8648aa707e2327d6da5d95cf236a532e99c2e7a499/pillow-10.3.0-cp312-cp312-manylinux_2_17_x86_64.manylinux2014_x86_64.whl", hash = "sha256:19aeb96d43902f0a783946a0a87dbdad5c84c936025b8419da0a0cd7724356b1", size = 4435915, upload-time = "2024-04-01T12:18:03.084Z" },
    { url = "https://files.pythonhosted.org/packages/ef/97/f69d1932cf45bf5bd9fa1e2ae57bdf716524faa4fa9fb7dc62cdb1a19113/pillow-10.3.0-cp312-cp312-manylinux_2_28_aarch64.whl", hash = "sha256:74d28c17412d9caa1066f7a31df8403ec23d5268ba46cd0ad2c50fb82ae40462", size = 4347392, upload-time = "2024-04-01T12:18:05.319Z" },
    { url = "https://files.pythonhosted.org/packages/c6/c1/3521ddb9c1f3ac106af3e4512a98c785b6ed8a39e0f778480b8a4d340165/pillow-10.3.0-cp312-cp312-manylinux_2_28_x86_64.whl", hash = "sha256:ff61bfd9253c3915e6d41c651d5f962da23eda633cf02262990094a18a55371a", size = 4514536, upload-time = "2024-04-01T12:18:08.039Z" },
    { url = "https://files.pythonhosted.org/packages/c0/6f/347c241904a6514e59515284b01ba6f61765269a0d1a19fd2e6cbe331c8a/pillow-10.3.0-cp312-cp312-musllinux_1_1_aarch64.whl", hash = "sha256:d886f5d353333b4771d21267c7ecc75b710f1a73d72d03ca06df49b09015a9ef", size = 4555987, upload-time = "2024-04-01T12:18:10.106Z" },
    { url = "https://files.pythonhosted.org/packages/c3/e2/3cc490c6b2e262713da82ce849c34bd8e6c31242afb53be8595d820b9877/pillow-10.3.0-cp312-cp312-musllinux_1_1_x86_64.whl", hash = "sha256:4b5ec25d8b17217d635f8935dbc1b9aa5907962fae29dff220f2659487891cd3", size = 4623526, upload-time = "2024-04-01T12:18:12.172Z" },
    { url = "https://files.pythonhosted.org/packages/c1/b3/0209f70fa29b383e7618e47db95712a45788dea03bb960601753262a2883/pillow-10.3.0-cp312-cp312-win32.whl", hash = "sha256:51243f1ed5161b9945011a7360e997729776f6e5d7005ba0c6879267d4c5139d", size = 2217547, upload-time = "2024-04-01T12:18:14.188Z" },
    { url = "https://files.pythonhosted.org/packages/d3/23/3927d888481ff7c44fdbca3bc2a2e97588c933db46723bf115201377c436/pillow-10.3.0-cp312-cp312-win_amd64.whl", hash = "sha256:412444afb8c4c7a6cc11a47dade32982439925537e483be7c0ae0cf96c4f6a0b", size = 2531641, upload-time = "2024-04-01T12:18:16.081Z" },
    { url = "https://files.pythonhosted.org/packages/db/36/1ecaa0541d3a1b1362f937d386eeb1875847bfa06d5225f1b0e1588d1007/pillow-10.3.0-cp312-cp312-win_arm64.whl", hash = "sha256:798232c92e7665fe82ac085f9d8e8ca98826f8e27859d9a96b41d519ecd2e49a", size = 2229746, upload-time = "2024-04-01T12:18:18.174Z" },
]

[[package]]
name = "python-environ"
version = "0.4.54"
source = { registry = "https://pypi.org/simple" }
sdist = { url = "https://files.pythonhosted.org/packages/0c/5d/8d4462fe29d3d3357eaac0f8321b7d0e77d0a4ea64505be1e6a90fba42dc/python-environ-0.4.54.tar.gz", hash = "sha256:6249a14057f95aba3b4906d73276f770e01e659f8098b3f3b34295feac42865b", size = 22947, upload-time = "2020-04-13T06:42:49.443Z" }

[[package]]
name = "six"
version = "1.16.0"
source = { registry = "https://pypi.org/simple" }
sdist = { url = "https://files.pythonhosted.org/packages/71/39/171f1c67cd00715f190ba0b100d606d440a28c93c7714febeca8b79af85e/six-1.16.0.tar.gz", hash = "sha256:1e61c37477a1626458e36f7b1d82aa5c9b094fa4802892072e49de9c60c4c926", size = 34041, upload-time = "2021-05-05T14:18:18.379Z" }
wheels = [
    { url = "https://files.pythonhosted.org/packages/d9/5a/e7c31adbe875f2abbb91bd84cf2dc52d792b5a01506781dbcf25c91daf11/six-1.16.0-py2.py3-none-any.whl", hash = "sha256:8abb2f1d86890a2dfb989f9a77cfcfd3e47c2a354b01111771326f8aa26e0254", size = 11053, upload-time = "2021-05-05T14:18:17.237Z" },
]

[[package]]
name = "sqlparse"
version = "0.5.0"
source = { registry = "https://pypi.org/simple" }
sdist = { url = "https://files.pythonhosted.org/packages/50/26/5da251cd090ccd580f5cfaa7d36cdd8b2471e49fffce60ed520afc27f4bc/sqlparse-0.5.0.tar.gz", hash = "sha256:714d0a4932c059d16189f58ef5411ec2287a4360f17cdd0edd2d09d4c5087c93", size = 83475, upload-time = "2024-04-13T12:37:09.316Z" }
wheels = [
    { url = "https://files.pythonhosted.org/packages/43/5d/a0fdd88fd486b39ae1fd1a75ff75b4e29a0df96c0304d462fd407b82efe0/sqlparse-0.5.0-py3-none-any.whl", hash = "sha256:c204494cd97479d0e39f28c93d46c0b2d5959c7b9ab904762ea6c7af211c8663", size = 43971, upload-time = "2024-04-13T12:37:11.177Z" },
]

[[package]]
name = "tzdata"
version = "2025.2"
source = { registry = "https://pypi.org/simple" }
sdist = { url = "https://files.pythonhosted.org/packages/95/32/1a225d6164441be760d75c2c42e2780dc0873fe382da3e98a2e1e48361e5/tzdata-2025.2.tar.gz", hash = "sha256:b60a638fcc0daffadf82fe0f57e53d06bdec2f36c4df66280ae79bce6bd6f2b9", size = 196380, upload-time = "2025-03-23T13:54:43.652Z" }
wheels = [
    { url = "https://files.pythonhosted.org/packages/5c/23/c7abc0ca0a1526a0774eca151daeb8de62ec457e77262b66b359c3c7679e/tzdata-2025.2-py2.py3-none-any.whl", hash = "sha256:1a403fada01ff9221ca8044d701868fa132215d84beb92242d9acd2147f667a8", size = 347839, upload-time = "2025-03-23T13:54:41.845Z" },
]
